// !$*UTF8*$!
{
	archiveVersion = 1;
	classes = {
	};
	objectVersion = 50;
	objects = {

/* Begin PBXBuildFile section */
		DF98F4D72694E7FF0075784F /* AppDelegate.m in Sources */ = {isa = PBXBuildFile; fileRef = DF98F4D62694E7FF0075784F /* AppDelegate.m */; };
		DF98F4DA2694E7FF0075784F /* SceneDelegate.m in Sources */ = {isa = PBXBuildFile; fileRef = DF98F4D92694E7FF0075784F /* SceneDelegate.m */; };
		DF98F4DD2694E7FF0075784F /* ViewController.m in Sources */ = {isa = PBXBuildFile; fileRef = DF98F4DC2694E7FF0075784F /* ViewController.m */; };
		DF98F4E02694E7FF0075784F /* Main.storyboard in Resources */ = {isa = PBXBuildFile; fileRef = DF98F4DE2694E7FF0075784F /* Main.storyboard */; };
		DF98F4E22694E8000075784F /* Assets.xcassets in Resources */ = {isa = PBXBuildFile; fileRef = DF98F4E12694E8000075784F /* Assets.xcassets */; };
		DF98F4E52694E8000075784F /* LaunchScreen.storyboard in Resources */ = {isa = PBXBuildFile; fileRef = DF98F4E32694E8000075784F /* LaunchScreen.storyboard */; };
		DF98F4E82694E8000075784F /* main.m in Sources */ = {isa = PBXBuildFile; fileRef = DF98F4E72694E8000075784F /* main.m */; };
		DF98F4F22694E8000075784F /* Instagram_FBUTests.m in Sources */ = {isa = PBXBuildFile; fileRef = DF98F4F12694E8000075784F /* Instagram_FBUTests.m */; };
		DF98F4FD2694E8000075784F /* Instagram_FBUUITests.m in Sources */ = {isa = PBXBuildFile; fileRef = DF98F4FC2694E8000075784F /* Instagram_FBUUITests.m */; };
/* End PBXBuildFile section */

/* Begin PBXContainerItemProxy section */
		DF98F4EE2694E8000075784F /* PBXContainerItemProxy */ = {
			isa = PBXContainerItemProxy;
			containerPortal = DF98F4CA2694E7FE0075784F /* Project object */;
			proxyType = 1;
			remoteGlobalIDString = DF98F4D12694E7FE0075784F;
			remoteInfo = "Instagram FBU";
		};
		DF98F4F92694E8000075784F /* PBXContainerItemProxy */ = {
			isa = PBXContainerItemProxy;
			containerPortal = DF98F4CA2694E7FE0075784F /* Project object */;
			proxyType = 1;
			remoteGlobalIDString = DF98F4D12694E7FE0075784F;
			remoteInfo = "Instagram FBU";
		};
/* End PBXContainerItemProxy section */

/* Begin PBXFileReference section */
		DF98F4D22694E7FE0075784F /* Instagram FBU.app */ = {isa = PBXFileReference; explicitFileType = wrapper.application; includeInIndex = 0; path = "Instagram FBU.app"; sourceTree = BUILT_PRODUCTS_DIR; };
		DF98F4D52694E7FF0075784F /* AppDelegate.h */ = {isa = PBXFileReference; lastKnownFileType = sourcecode.c.h; path = AppDelegate.h; sourceTree = "<group>"; };
		DF98F4D62694E7FF0075784F /* AppDelegate.m */ = {isa = PBXFileReference; lastKnownFileType = sourcecode.c.objc; path = AppDelegate.m; sourceTree = "<group>"; };
		DF98F4D82694E7FF0075784F /* SceneDelegate.h */ = {isa = PBXFileReference; lastKnownFileType = sourcecode.c.h; path = SceneDelegate.h; sourceTree = "<group>"; };
		DF98F4D92694E7FF0075784F /* SceneDelegate.m */ = {isa = PBXFileReference; lastKnownFileType = sourcecode.c.objc; path = SceneDelegate.m; sourceTree = "<group>"; };
		DF98F4DB2694E7FF0075784F /* ViewController.h */ = {isa = PBXFileReference; lastKnownFileType = sourcecode.c.h; path = ViewController.h; sourceTree = "<group>"; };
		DF98F4DC2694E7FF0075784F /* ViewController.m */ = {isa = PBXFileReference; lastKnownFileType = sourcecode.c.objc; path = ViewController.m; sourceTree = "<group>"; };
		DF98F4DF2694E7FF0075784F /* Base */ = {isa = PBXFileReference; lastKnownFileType = file.storyboard; name = Base; path = Base.lproj/Main.storyboard; sourceTree = "<group>"; };
		DF98F4E12694E8000075784F /* Assets.xcassets */ = {isa = PBXFileReference; lastKnownFileType = folder.assetcatalog; path = Assets.xcassets; sourceTree = "<group>"; };
		DF98F4E42694E8000075784F /* Base */ = {isa = PBXFileReference; lastKnownFileType = file.storyboard; name = Base; path = Base.lproj/LaunchScreen.storyboard; sourceTree = "<group>"; };
		DF98F4E62694E8000075784F /* Info.plist */ = {isa = PBXFileReference; lastKnownFileType = text.plist.xml; path = Info.plist; sourceTree = "<group>"; };
		DF98F4E72694E8000075784F /* main.m */ = {isa = PBXFileReference; lastKnownFileType = sourcecode.c.objc; path = main.m; sourceTree = "<group>"; };
		DF98F4ED2694E8000075784F /* Instagram FBUTests.xctest */ = {isa = PBXFileReference; explicitFileType = wrapper.cfbundle; includeInIndex = 0; path = "Instagram FBUTests.xctest"; sourceTree = BUILT_PRODUCTS_DIR; };
		DF98F4F12694E8000075784F /* Instagram_FBUTests.m */ = {isa = PBXFileReference; lastKnownFileType = sourcecode.c.objc; path = Instagram_FBUTests.m; sourceTree = "<group>"; };
		DF98F4F32694E8000075784F /* Info.plist */ = {isa = PBXFileReference; lastKnownFileType = text.plist.xml; path = Info.plist; sourceTree = "<group>"; };
		DF98F4F82694E8000075784F /* Instagram FBUUITests.xctest */ = {isa = PBXFileReference; explicitFileType = wrapper.cfbundle; includeInIndex = 0; path = "Instagram FBUUITests.xctest"; sourceTree = BUILT_PRODUCTS_DIR; };
		DF98F4FC2694E8000075784F /* Instagram_FBUUITests.m */ = {isa = PBXFileReference; lastKnownFileType = sourcecode.c.objc; path = Instagram_FBUUITests.m; sourceTree = "<group>"; };
		DF98F4FE2694E8000075784F /* Info.plist */ = {isa = PBXFileReference; lastKnownFileType = text.plist.xml; path = Info.plist; sourceTree = "<group>"; };
/* End PBXFileReference section */

/* Begin PBXFrameworksBuildPhase section */
		DF98F4CF2694E7FE0075784F /* Frameworks */ = {
			isa = PBXFrameworksBuildPhase;
			buildActionMask = 2147483647;
			files = (
			);
			runOnlyForDeploymentPostprocessing = 0;
		};
		DF98F4EA2694E8000075784F /* Frameworks */ = {
			isa = PBXFrameworksBuildPhase;
			buildActionMask = 2147483647;
			files = (
			);
			runOnlyForDeploymentPostprocessing = 0;
		};
		DF98F4F52694E8000075784F /* Frameworks */ = {
			isa = PBXFrameworksBuildPhase;
			buildActionMask = 2147483647;
			files = (
			);
			runOnlyForDeploymentPostprocessing = 0;
		};
/* End PBXFrameworksBuildPhase section */

/* Begin PBXGroup section */
		DF98F4C92694E7FE0075784F = {
			isa = PBXGroup;
			children = (
				DF98F4D42694E7FF0075784F /* Instagram FBU */,
				DF98F4F02694E8000075784F /* Instagram FBUTests */,
				DF98F4FB2694E8000075784F /* Instagram FBUUITests */,
				DF98F4D32694E7FE0075784F /* Products */,
			);
			sourceTree = "<group>";
		};
		DF98F4D32694E7FE0075784F /* Products */ = {
			isa = PBXGroup;
			children = (
				DF98F4D22694E7FE0075784F /* Instagram FBU.app */,
				DF98F4ED2694E8000075784F /* Instagram FBUTests.xctest */,
				DF98F4F82694E8000075784F /* Instagram FBUUITests.xctest */,
			);
			name = Products;
			sourceTree = "<group>";
		};
		DF98F4D42694E7FF0075784F /* Instagram FBU */ = {
			isa = PBXGroup;
			children = (
				DF98F4D52694E7FF0075784F /* AppDelegate.h */,
				DF98F4D62694E7FF0075784F /* AppDelegate.m */,
				DF98F4D82694E7FF0075784F /* SceneDelegate.h */,
				DF98F4D92694E7FF0075784F /* SceneDelegate.m */,
				DF98F4DB2694E7FF0075784F /* ViewController.h */,
				DF98F4DC2694E7FF0075784F /* ViewController.m */,
				DF98F4DE2694E7FF0075784F /* Main.storyboard */,
				DF98F4E12694E8000075784F /* Assets.xcassets */,
				DF98F4E32694E8000075784F /* LaunchScreen.storyboard */,
				DF98F4E62694E8000075784F /* Info.plist */,
				DF98F4E72694E8000075784F /* main.m */,
			);
			path = "Instagram FBU";
			sourceTree = "<group>";
		};
		DF98F4F02694E8000075784F /* Instagram FBUTests */ = {
			isa = PBXGroup;
			children = (
				DF98F4F12694E8000075784F /* Instagram_FBUTests.m */,
				DF98F4F32694E8000075784F /* Info.plist */,
			);
			path = "Instagram FBUTests";
			sourceTree = "<group>";
		};
		DF98F4FB2694E8000075784F /* Instagram FBUUITests */ = {
			isa = PBXGroup;
			children = (
				DF98F4FC2694E8000075784F /* Instagram_FBUUITests.m */,
				DF98F4FE2694E8000075784F /* Info.plist */,
			);
			path = "Instagram FBUUITests";
			sourceTree = "<group>";
		};
/* End PBXGroup section */

/* Begin PBXNativeTarget section */
		DF98F4D12694E7FE0075784F /* Instagram FBU */ = {
			isa = PBXNativeTarget;
			buildConfigurationList = DF98F5012694E8000075784F /* Build configuration list for PBXNativeTarget "Instagram FBU" */;
			buildPhases = (
				DF98F4CE2694E7FE0075784F /* Sources */,
				DF98F4CF2694E7FE0075784F /* Frameworks */,
				DF98F4D02694E7FE0075784F /* Resources */,
			);
			buildRules = (
			);
			dependencies = (
			);
			name = "Instagram FBU";
			productName = "Instagram FBU";
			productReference = DF98F4D22694E7FE0075784F /* Instagram FBU.app */;
			productType = "com.apple.product-type.application";
		};
		DF98F4EC2694E8000075784F /* Instagram FBUTests */ = {
			isa = PBXNativeTarget;
			buildConfigurationList = DF98F5042694E8000075784F /* Build configuration list for PBXNativeTarget "Instagram FBUTests" */;
			buildPhases = (
				DF98F4E92694E8000075784F /* Sources */,
				DF98F4EA2694E8000075784F /* Frameworks */,
				DF98F4EB2694E8000075784F /* Resources */,
			);
			buildRules = (
			);
			dependencies = (
				DF98F4EF2694E8000075784F /* PBXTargetDependency */,
			);
			name = "Instagram FBUTests";
			productName = "Instagram FBUTests";
			productReference = DF98F4ED2694E8000075784F /* Instagram FBUTests.xctest */;
			productType = "com.apple.product-type.bundle.unit-test";
		};
		DF98F4F72694E8000075784F /* Instagram FBUUITests */ = {
			isa = PBXNativeTarget;
			buildConfigurationList = DF98F5072694E8000075784F /* Build configuration list for PBXNativeTarget "Instagram FBUUITests" */;
			buildPhases = (
				DF98F4F42694E8000075784F /* Sources */,
				DF98F4F52694E8000075784F /* Frameworks */,
				DF98F4F62694E8000075784F /* Resources */,
			);
			buildRules = (
			);
			dependencies = (
				DF98F4FA2694E8000075784F /* PBXTargetDependency */,
			);
			name = "Instagram FBUUITests";
			productName = "Instagram FBUUITests";
			productReference = DF98F4F82694E8000075784F /* Instagram FBUUITests.xctest */;
			productType = "com.apple.product-type.bundle.ui-testing";
		};
/* End PBXNativeTarget section */

/* Begin PBXProject section */
		DF98F4CA2694E7FE0075784F /* Project object */ = {
			isa = PBXProject;
			attributes = {
				LastUpgradeCheck = 1250;
				TargetAttributes = {
					DF98F4D12694E7FE0075784F = {
						CreatedOnToolsVersion = 12.5.1;
					};
					DF98F4EC2694E8000075784F = {
						CreatedOnToolsVersion = 12.5.1;
						TestTargetID = DF98F4D12694E7FE0075784F;
					};
					DF98F4F72694E8000075784F = {
						CreatedOnToolsVersion = 12.5.1;
						TestTargetID = DF98F4D12694E7FE0075784F;
					};
				};
			};
			buildConfigurationList = DF98F4CD2694E7FE0075784F /* Build configuration list for PBXProject "Instagram FBU" */;
			compatibilityVersion = "Xcode 9.3";
			developmentRegion = en;
			hasScannedForEncodings = 0;
			knownRegions = (
				en,
				Base,
			);
			mainGroup = DF98F4C92694E7FE0075784F;
			productRefGroup = DF98F4D32694E7FE0075784F /* Products */;
			projectDirPath = "";
			projectRoot = "";
			targets = (
				DF98F4D12694E7FE0075784F /* Instagram FBU */,
				DF98F4EC2694E8000075784F /* Instagram FBUTests */,
				DF98F4F72694E8000075784F /* Instagram FBUUITests */,
			);
		};
/* End PBXProject section */

/* Begin PBXResourcesBuildPhase section */
		DF98F4D02694E7FE0075784F /* Resources */ = {
			isa = PBXResourcesBuildPhase;
			buildActionMask = 2147483647;
			files = (
				DF98F4E52694E8000075784F /* LaunchScreen.storyboard in Resources */,
				DF98F4E22694E8000075784F /* Assets.xcassets in Resources */,
				DF98F4E02694E7FF0075784F /* Main.storyboard in Resources */,
			);
			runOnlyForDeploymentPostprocessing = 0;
		};
		DF98F4EB2694E8000075784F /* Resources */ = {
			isa = PBXResourcesBuildPhase;
			buildActionMask = 2147483647;
			files = (
			);
			runOnlyForDeploymentPostprocessing = 0;
		};
		DF98F4F62694E8000075784F /* Resources */ = {
			isa = PBXResourcesBuildPhase;
			buildActionMask = 2147483647;
			files = (
			);
			runOnlyForDeploymentPostprocessing = 0;
		};
/* End PBXResourcesBuildPhase section */

/* Begin PBXSourcesBuildPhase section */
		DF98F4CE2694E7FE0075784F /* Sources */ = {
			isa = PBXSourcesBuildPhase;
			buildActionMask = 2147483647;
			files = (
				DF98F4DD2694E7FF0075784F /* ViewController.m in Sources */,
				DF98F4D72694E7FF0075784F /* AppDelegate.m in Sources */,
				DF98F4E82694E8000075784F /* main.m in Sources */,
				DF98F4DA2694E7FF0075784F /* SceneDelegate.m in Sources */,
			);
			runOnlyForDeploymentPostprocessing = 0;
		};
		DF98F4E92694E8000075784F /* Sources */ = {
			isa = PBXSourcesBuildPhase;
			buildActionMask = 2147483647;
			files = (
				DF98F4F22694E8000075784F /* Instagram_FBUTests.m in Sources */,
			);
			runOnlyForDeploymentPostprocessing = 0;
		};
		DF98F4F42694E8000075784F /* Sources */ = {
			isa = PBXSourcesBuildPhase;
			buildActionMask = 2147483647;
			files = (
				DF98F4FD2694E8000075784F /* Instagram_FBUUITests.m in Sources */,
			);
			runOnlyForDeploymentPostprocessing = 0;
		};
/* End PBXSourcesBuildPhase section */

/* Begin PBXTargetDependency section */
		DF98F4EF2694E8000075784F /* PBXTargetDependency */ = {
			isa = PBXTargetDependency;
			target = DF98F4D12694E7FE0075784F /* Instagram FBU */;
			targetProxy = DF98F4EE2694E8000075784F /* PBXContainerItemProxy */;
		};
		DF98F4FA2694E8000075784F /* PBXTargetDependency */ = {
			isa = PBXTargetDependency;
			target = DF98F4D12694E7FE0075784F /* Instagram FBU */;
			targetProxy = DF98F4F92694E8000075784F /* PBXContainerItemProxy */;
		};
/* End PBXTargetDependency section */

/* Begin PBXVariantGroup section */
		DF98F4DE2694E7FF0075784F /* Main.storyboard */ = {
			isa = PBXVariantGroup;
			children = (
				DF98F4DF2694E7FF0075784F /* Base */,
			);
			name = Main.storyboard;
			sourceTree = "<group>";
		};
		DF98F4E32694E8000075784F /* LaunchScreen.storyboard */ = {
			isa = PBXVariantGroup;
			children = (
				DF98F4E42694E8000075784F /* Base */,
			);
			name = LaunchScreen.storyboard;
			sourceTree = "<group>";
		};
/* End PBXVariantGroup section */

/* Begin XCBuildConfiguration section */
		DF98F4FF2694E8000075784F /* Debug */ = {
			isa = XCBuildConfiguration;
			buildSettings = {
				ALWAYS_SEARCH_USER_PATHS = NO;
				CLANG_ANALYZER_NONNULL = YES;
				CLANG_ANALYZER_NUMBER_OBJECT_CONVERSION = YES_AGGRESSIVE;
				CLANG_CXX_LANGUAGE_STANDARD = "gnu++14";
				CLANG_CXX_LIBRARY = "libc++";
				CLANG_ENABLE_MODULES = YES;
				CLANG_ENABLE_OBJC_ARC = YES;
				CLANG_ENABLE_OBJC_WEAK = YES;
				CLANG_WARN_BLOCK_CAPTURE_AUTORELEASING = YES;
				CLANG_WARN_BOOL_CONVERSION = YES;
				CLANG_WARN_COMMA = YES;
				CLANG_WARN_CONSTANT_CONVERSION = YES;
				CLANG_WARN_DEPRECATED_OBJC_IMPLEMENTATIONS = YES;
				CLANG_WARN_DIRECT_OBJC_ISA_USAGE = YES_ERROR;
				CLANG_WARN_DOCUMENTATION_COMMENTS = YES;
				CLANG_WARN_EMPTY_BODY = YES;
				CLANG_WARN_ENUM_CONVERSION = YES;
				CLANG_WARN_INFINITE_RECURSION = YES;
				CLANG_WARN_INT_CONVERSION = YES;
				CLANG_WARN_NON_LITERAL_NULL_CONVERSION = YES;
				CLANG_WARN_OBJC_IMPLICIT_RETAIN_SELF = YES;
				CLANG_WARN_OBJC_LITERAL_CONVERSION = YES;
				CLANG_WARN_OBJC_ROOT_CLASS = YES_ERROR;
				CLANG_WARN_QUOTED_INCLUDE_IN_FRAMEWORK_HEADER = YES;
				CLANG_WARN_RANGE_LOOP_ANALYSIS = YES;
				CLANG_WARN_STRICT_PROTOTYPES = YES;
				CLANG_WARN_SUSPICIOUS_MOVE = YES;
				CLANG_WARN_UNGUARDED_AVAILABILITY = YES_AGGRESSIVE;
				CLANG_WARN_UNREACHABLE_CODE = YES;
				CLANG_WARN__DUPLICATE_METHOD_MATCH = YES;
				COPY_PHASE_STRIP = NO;
				DEBUG_INFORMATION_FORMAT = dwarf;
				ENABLE_STRICT_OBJC_MSGSEND = YES;
				ENABLE_TESTABILITY = YES;
				GCC_C_LANGUAGE_STANDARD = gnu11;
				GCC_DYNAMIC_NO_PIC = NO;
				GCC_NO_COMMON_BLOCKS = YES;
				GCC_OPTIMIZATION_LEVEL = 0;
				GCC_PREPROCESSOR_DEFINITIONS = (
					"DEBUG=1",
					"$(inherited)",
				);
				GCC_WARN_64_TO_32_BIT_CONVERSION = YES;
				GCC_WARN_ABOUT_RETURN_TYPE = YES_ERROR;
				GCC_WARN_UNDECLARED_SELECTOR = YES;
				GCC_WARN_UNINITIALIZED_AUTOS = YES_AGGRESSIVE;
				GCC_WARN_UNUSED_FUNCTION = YES;
				GCC_WARN_UNUSED_VARIABLE = YES;
				IPHONEOS_DEPLOYMENT_TARGET = 14.5;
				MTL_ENABLE_DEBUG_INFO = INCLUDE_SOURCE;
				MTL_FAST_MATH = YES;
				ONLY_ACTIVE_ARCH = YES;
				SDKROOT = iphoneos;
			};
			name = Debug;
		};
		DF98F5002694E8000075784F /* Release */ = {
			isa = XCBuildConfiguration;
			buildSettings = {
				ALWAYS_SEARCH_USER_PATHS = NO;
				CLANG_ANALYZER_NONNULL = YES;
				CLANG_ANALYZER_NUMBER_OBJECT_CONVERSION = YES_AGGRESSIVE;
				CLANG_CXX_LANGUAGE_STANDARD = "gnu++14";
				CLANG_CXX_LIBRARY = "libc++";
				CLANG_ENABLE_MODULES = YES;
				CLANG_ENABLE_OBJC_ARC = YES;
				CLANG_ENABLE_OBJC_WEAK = YES;
				CLANG_WARN_BLOCK_CAPTURE_AUTORELEASING = YES;
				CLANG_WARN_BOOL_CONVERSION = YES;
				CLANG_WARN_COMMA = YES;
				CLANG_WARN_CONSTANT_CONVERSION = YES;
				CLANG_WARN_DEPRECATED_OBJC_IMPLEMENTATIONS = YES;
				CLANG_WARN_DIRECT_OBJC_ISA_USAGE = YES_ERROR;
				CLANG_WARN_DOCUMENTATION_COMMENTS = YES;
				CLANG_WARN_EMPTY_BODY = YES;
				CLANG_WARN_ENUM_CONVERSION = YES;
				CLANG_WARN_INFINITE_RECURSION = YES;
				CLANG_WARN_INT_CONVERSION = YES;
				CLANG_WARN_NON_LITERAL_NULL_CONVERSION = YES;
				CLANG_WARN_OBJC_IMPLICIT_RETAIN_SELF = YES;
				CLANG_WARN_OBJC_LITERAL_CONVERSION = YES;
				CLANG_WARN_OBJC_ROOT_CLASS = YES_ERROR;
				CLANG_WARN_QUOTED_INCLUDE_IN_FRAMEWORK_HEADER = YES;
				CLANG_WARN_RANGE_LOOP_ANALYSIS = YES;
				CLANG_WARN_STRICT_PROTOTYPES = YES;
				CLANG_WARN_SUSPICIOUS_MOVE = YES;
				CLANG_WARN_UNGUARDED_AVAILABILITY = YES_AGGRESSIVE;
				CLANG_WARN_UNREACHABLE_CODE = YES;
				CLANG_WARN__DUPLICATE_METHOD_MATCH = YES;
				COPY_PHASE_STRIP = NO;
				DEBUG_INFORMATION_FORMAT = "dwarf-with-dsym";
				ENABLE_NS_ASSERTIONS = NO;
				ENABLE_STRICT_OBJC_MSGSEND = YES;
				GCC_C_LANGUAGE_STANDARD = gnu11;
				GCC_NO_COMMON_BLOCKS = YES;
				GCC_WARN_64_TO_32_BIT_CONVERSION = YES;
				GCC_WARN_ABOUT_RETURN_TYPE = YES_ERROR;
				GCC_WARN_UNDECLARED_SELECTOR = YES;
				GCC_WARN_UNINITIALIZED_AUTOS = YES_AGGRESSIVE;
				GCC_WARN_UNUSED_FUNCTION = YES;
				GCC_WARN_UNUSED_VARIABLE = YES;
				IPHONEOS_DEPLOYMENT_TARGET = 14.5;
				MTL_ENABLE_DEBUG_INFO = NO;
				MTL_FAST_MATH = YES;
				SDKROOT = iphoneos;
				VALIDATE_PRODUCT = YES;
			};
			name = Release;
		};
		DF98F5022694E8000075784F /* Debug */ = {
			isa = XCBuildConfiguration;
			buildSettings = {
				ASSETCATALOG_COMPILER_APPICON_NAME = AppIcon;
				ASSETCATALOG_COMPILER_GLOBAL_ACCENT_COLOR_NAME = AccentColor;
				CODE_SIGN_STYLE = Automatic;
				DEVELOPMENT_TEAM = 6P8ZRP65P6;
				INFOPLIST_FILE = "Instagram FBU/Info.plist";
				LD_RUNPATH_SEARCH_PATHS = (
					"$(inherited)",
					"@executable_path/Frameworks",
				);
				PRODUCT_BUNDLE_IDENTIFIER = "com.AtemnkengFontem.Instagram-FBU";
				PRODUCT_NAME = "$(TARGET_NAME)";
				TARGETED_DEVICE_FAMILY = "1,2";
			};
			name = Debug;
		};
		DF98F5032694E8000075784F /* Release */ = {
			isa = XCBuildConfiguration;
			buildSettings = {
				ASSETCATALOG_COMPILER_APPICON_NAME = AppIcon;
				ASSETCATALOG_COMPILER_GLOBAL_ACCENT_COLOR_NAME = AccentColor;
				CODE_SIGN_STYLE = Automatic;
				DEVELOPMENT_TEAM = 6P8ZRP65P6;
				INFOPLIST_FILE = "Instagram FBU/Info.plist";
				LD_RUNPATH_SEARCH_PATHS = (
					"$(inherited)",
					"@executable_path/Frameworks",
				);
				PRODUCT_BUNDLE_IDENTIFIER = "com.AtemnkengFontem.Instagram-FBU";
				PRODUCT_NAME = "$(TARGET_NAME)";
				TARGETED_DEVICE_FAMILY = "1,2";
			};
			name = Release;
		};
		DF98F5052694E8000075784F /* Debug */ = {
			isa = XCBuildConfiguration;
			buildSettings = {
				BUNDLE_LOADER = "$(TEST_HOST)";
				CODE_SIGN_STYLE = Automatic;
				DEVELOPMENT_TEAM = 6P8ZRP65P6;
				INFOPLIST_FILE = "Instagram FBUTests/Info.plist";
				IPHONEOS_DEPLOYMENT_TARGET = 14.5;
				LD_RUNPATH_SEARCH_PATHS = (
					"$(inherited)",
					"@executable_path/Frameworks",
					"@loader_path/Frameworks",
				);
				PRODUCT_BUNDLE_IDENTIFIER = "com.AtemnkengFontem.Instagram-FBUTests";
				PRODUCT_NAME = "$(TARGET_NAME)";
				TARGETED_DEVICE_FAMILY = "1,2";
				TEST_HOST = "$(BUILT_PRODUCTS_DIR)/Instagram FBU.app/Instagram FBU";
			};
			name = Debug;
		};
		DF98F5062694E8000075784F /* Release */ = {
			isa = XCBuildConfiguration;
			buildSettings = {
				BUNDLE_LOADER = "$(TEST_HOST)";
				CODE_SIGN_STYLE = Automatic;
				DEVELOPMENT_TEAM = 6P8ZRP65P6;
				INFOPLIST_FILE = "Instagram FBUTests/Info.plist";
				IPHONEOS_DEPLOYMENT_TARGET = 14.5;
				LD_RUNPATH_SEARCH_PATHS = (
					"$(inherited)",
					"@executable_path/Frameworks",
					"@loader_path/Frameworks",
				);
				PRODUCT_BUNDLE_IDENTIFIER = "com.AtemnkengFontem.Instagram-FBUTests";
				PRODUCT_NAME = "$(TARGET_NAME)";
				TARGETED_DEVICE_FAMILY = "1,2";
				TEST_HOST = "$(BUILT_PRODUCTS_DIR)/Instagram FBU.app/Instagram FBU";
			};
			name = Release;
		};
		DF98F5082694E8000075784F /* Debug */ = {
			isa = XCBuildConfiguration;
			buildSettings = {
				CODE_SIGN_STYLE = Automatic;
				DEVELOPMENT_TEAM = 6P8ZRP65P6;
				INFOPLIST_FILE = "Instagram FBUUITests/Info.plist";
				LD_RUNPATH_SEARCH_PATHS = (
					"$(inherited)",
					"@executable_path/Frameworks",
					"@loader_path/Frameworks",
				);
				PRODUCT_BUNDLE_IDENTIFIER = "com.AtemnkengFontem.Instagram-FBUUITests";
				PRODUCT_NAME = "$(TARGET_NAME)";
				TARGETED_DEVICE_FAMILY = "1,2";
				TEST_TARGET_NAME = "Instagram FBU";
			};
			name = Debug;
		};
		DF98F5092694E8000075784F /* Release */ = {
			isa = XCBuildConfiguration;
			buildSettings = {
				CODE_SIGN_STYLE = Automatic;
				DEVELOPMENT_TEAM = 6P8ZRP65P6;
				INFOPLIST_FILE = "Instagram FBUUITests/Info.plist";
				LD_RUNPATH_SEARCH_PATHS = (
					"$(inherited)",
					"@executable_path/Frameworks",
					"@loader_path/Frameworks",
				);
				PRODUCT_BUNDLE_IDENTIFIER = "com.AtemnkengFontem.Instagram-FBUUITests";
				PRODUCT_NAME = "$(TARGET_NAME)";
				TARGETED_DEVICE_FAMILY = "1,2";
				TEST_TARGET_NAME = "Instagram FBU";
			};
			name = Release;
		};
/* End XCBuildConfiguration section */

/* Begin XCConfigurationList section */
		DF98F4CD2694E7FE0075784F /* Build configuration list for PBXProject "Instagram FBU" */ = {
			isa = XCConfigurationList;
			buildConfigurations = (
				DF98F4FF2694E8000075784F /* Debug */,
				DF98F5002694E8000075784F /* Release */,
			);
			defaultConfigurationIsVisible = 0;
			defaultConfigurationName = Release;
		};
		DF98F5012694E8000075784F /* Build configuration list for PBXNativeTarget "Instagram FBU" */ = {
			isa = XCConfigurationList;
			buildConfigurations = (
				DF98F5022694E8000075784F /* Debug */,
				DF98F5032694E8000075784F /* Release */,
			);
			defaultConfigurationIsVisible = 0;
			defaultConfigurationName = Release;
		};
		DF98F5042694E8000075784F /* Build configuration list for PBXNativeTarget "Instagram FBUTests" */ = {
			isa = XCConfigurationList;
			buildConfigurations = (
				DF98F5052694E8000075784F /* Debug */,
				DF98F5062694E8000075784F /* Release */,
			);
			defaultConfigurationIsVisible = 0;
			defaultConfigurationName = Release;
		};
		DF98F5072694E8000075784F /* Build configuration list for PBXNativeTarget "Instagram FBUUITests" */ = {
			isa = XCConfigurationList;
			buildConfigurations = (
				DF98F5082694E8000075784F /* Debug */,
				DF98F5092694E8000075784F /* Release */,
			);
			defaultConfigurationIsVisible = 0;
			defaultConfigurationName = Release;
		};
/* End XCConfigurationList section */
	};
	rootObject = DF98F4CA2694E7FE0075784F /* Project object */;
}
